
Microsoft Visual Studio Solution File, Format Version 12.00
# Visual Studio 15
VisualStudioVersion = 15.0.27428.2037
MinimumVisualStudioVersion = 10.0.40219.1
Project("{FAE04EC0-301F-11D3-BF4B-00C04F79EFBC}") = "FamousHumidors", "FamousHumidors\FamousHumidors.csproj", "{FC9B3866-366C-47B1-BC0B-4EFC150055AA}"
EndProject
Project("{FAE04EC0-301F-11D3-BF4B-00C04F79EFBC}") = "FamousHumidors.Tests", "FamousHumidors.Tests\FamousHumidors.Tests.csproj", "{5C7352DA-902B-46C6-BA69-08D3308FD6B9}"
EndProject
Project("{FAE04EC0-301F-11D3-BF4B-00C04F79EFBC}") = "Products", "Products\Products.csproj", "{94779C55-414E-4672-9A39-E011DC2F749D}"
EndProject
Global
	GlobalSection(SolutionConfigurationPlatforms) = preSolution
		Debug|Any CPU = Debug|Any CPU
		Release|Any CPU = Release|Any CPU
	EndGlobalSection
	GlobalSection(ProjectConfigurationPlatforms) = postSolution
		{FC9B3866-366C-47B1-BC0B-4EFC150055AA}.Debug|Any CPU.ActiveCfg = Debug|Any CPU
		{FC9B3866-366C-47B1-BC0B-4EFC150055AA}.Debug|Any CPU.Build.0 = Debug|Any CPU
		{FC9B3866-366C-47B1-BC0B-4EFC150055AA}.Release|Any CPU.ActiveCfg = Release|Any CPU
		{FC9B3866-366C-47B1-BC0B-4EFC150055AA}.Release|Any CPU.Build.0 = Release|Any CPU
		{5C7352DA-902B-46C6-BA69-08D3308FD6B9}.Debug|Any CPU.ActiveCfg = Debug|Any CPU
		{5C7352DA-902B-46C6-BA69-08D3308FD6B9}.Debug|Any CPU.Build.0 = Debug|Any CPU
		{5C7352DA-902B-46C6-BA69-08D3308FD6B9}.Release|Any CPU.ActiveCfg = Release|Any CPU
		{5C7352DA-902B-46C6-BA69-08D3308FD6B9}.Release|Any CPU.Build.0 = Release|Any CPU
		{94779C55-414E-4672-9A39-E011DC2F749D}.Debug|Any CPU.ActiveCfg = Debug|Any CPU
		{94779C55-414E-4672-9A39-E011DC2F749D}.Debug|Any CPU.Build.0 = Debug|Any CPU
		{94779C55-414E-4672-9A39-E011DC2F749D}.Release|Any CPU.ActiveCfg = Release|Any CPU
		{94779C55-414E-4672-9A39-E011DC2F749D}.Release|Any CPU.Build.0 = Release|Any CPU
	EndGlobalSection
	GlobalSection(SolutionProperties) = preSolution
		HideSolutionNode = FALSE
	EndGlobalSection
	GlobalSection(ExtensibilityGlobals) = postSolution
		SolutionGuid = {E36BC559-F318-44FE-9A5A-DEB7CC0DDDD5}
	EndGlobalSection
EndGlobal
